
Microsoft Visual Studio Solution File, Format Version 12.00
# Visual Studio 15
VisualStudioVersion = 15.0.27130.2027
MinimumVisualStudioVersion = 10.0.40219.1
Project("{FAE04EC0-301F-11D3-BF4B-00C04F79EFBC}") = "TrackerLibrary", "TrackerLibrary\TrackerLibrary.csproj", "{6EDADB85-C3C0-41FE-88E1-37F06110F6C0}"
EndProject
Project("{FAE04EC0-301F-11D3-BF4B-00C04F79EFBC}") = "TrackerUI", "TrackerUI\TrackerUI.csproj", "{4D5339D5-0861-4E78-B8D0-7ECEFBB61911}"
EndProject
Global
	GlobalSection(SolutionConfigurationPlatforms) = preSolution
		Debug|Any CPU = Debug|Any CPU
		Release|Any CPU = Release|Any CPU
	EndGlobalSection
	GlobalSection(ProjectConfigurationPlatforms) = postSolution
		{6EDADB85-C3C0-41FE-88E1-37F06110F6C0}.Debug|Any CPU.ActiveCfg = Debug|Any CPU
		{6EDADB85-C3C0-41FE-88E1-37F06110F6C0}.Debug|Any CPU.Build.0 = Debug|Any CPU
		{6EDADB85-C3C0-41FE-88E1-37F06110F6C0}.Release|Any CPU.ActiveCfg = Release|Any CPU
		{6EDADB85-C3C0-41FE-88E1-37F06110F6C0}.Release|Any CPU.Build.0 = Release|Any CPU
		{4D5339D5-0861-4E78-B8D0-7ECEFBB61911}.Debug|Any CPU.ActiveCfg = Debug|Any CPU
		{4D5339D5-0861-4E78-B8D0-7ECEFBB61911}.Debug|Any CPU.Build.0 = Debug|Any CPU
		{4D5339D5-0861-4E78-B8D0-7ECEFBB61911}.Release|Any CPU.ActiveCfg = Release|Any CPU
		{4D5339D5-0861-4E78-B8D0-7ECEFBB61911}.Release|Any CPU.Build.0 = Release|Any CPU
	EndGlobalSection
	GlobalSection(SolutionProperties) = preSolution
		HideSolutionNode = FALSE
	EndGlobalSection
	GlobalSection(ExtensibilityGlobals) = postSolution
		SolutionGuid = {4DBC9582-0E36-4DC3-B857-0DAD25FBE2B3}
	EndGlobalSection
EndGlobal
